{
  "dependencies": {
    "console-debug": {
      "version": "0.1.7",
      "dependencies": {
        "cli-color": {
          "version": "0.3.3",
          "dependencies": {
            "d": {
              "version": "0.1.1"
            },
            "es5-ext": {
              "version": "0.10.6",
              "dependencies": {
                "es6-iterator": {
                  "version": "0.1.3"
                },
                "es6-symbol": {
                  "version": "2.0.1"
                }
              }
            },
            "memoizee": {
              "version": "0.3.8",
              "dependencies": {
                "es6-weak-map": {
                  "version": "0.1.2",
                  "dependencies": {
                    "es6-iterator": {
                      "version": "0.1.3",
                      "dependencies": {
                        "es6-symbol": {
                          "version": "2.0.1"
                        }
                      }
                    },
                    "es6-symbol": {
                      "version": "0.1.1"
                    }
                  }
                },
                "event-emitter": {
                  "version": "0.3.3"
                },
                "lru-queue": {
                  "version": "0.1.0"
                },
                "next-tick": {
                  "version": "0.2.2"
                }
              }
            },
            "timers-ext": {
              "version": "0.1.0",
              "dependencies": {
                "next-tick": {
                  "version": "0.2.2"
                }
              }
            }
          }
        },
        "dateformat": {
          "version": "1.0.11",
          "dependencies": {
            "get-stdin": {
              "version": "4.0.1"
            },
            "meow": {
              "version": "3.1.0",
              "dependencies": {
                "camelcase-keys": {
                  "version": "1.0.0",
                  "dependencies": {
                    "camelcase": {
                      "version": "1.0.2"
                    },
                    "map-obj": {
                      "version": "1.0.0"
                    }
                  }
                },
                "indent-string": {
                  "version": "1.2.1",
                  "dependencies": {
                    "repeating": {
                      "version": "1.1.2",
                      "dependencies": {
                        "is-finite": {
                          "version": "1.0.0"
                        }
                      }
                    }
                  }
                },
                "minimist": {
                  "version": "1.1.1"
                },
                "object-assign": {
                  "version": "2.0.0"
                }
              }
            }
          }
        },
        "path": {
          "version": "0.11.14"
        }
      }
    }
  }
}
